// !$*UTF8*$!
{
	archiveVersion = 1;
	classes = {
	};
	objectVersion = 46;
	objects = {

/* Begin PBXBuildFile section */
		4C503F9F1C7174AC00443D0B /* ViewControllerExtension.swift in Sources */ = {isa = PBXBuildFile; fileRef = 4C503F9E1C7174AC00443D0B /* ViewControllerExtension.swift */; };
		4C503FA11C72056500443D0B /* DetailViewController.swift in Sources */ = {isa = PBXBuildFile; fileRef = 4C503FA01C72056500443D0B /* DetailViewController.swift */; };
		4C59AC141C70389A00B62ACA /* AppDelegate.swift in Sources */ = {isa = PBXBuildFile; fileRef = 4C59AC131C70389A00B62ACA /* AppDelegate.swift */; };
		4C59AC161C70389A00B62ACA /* ViewController.swift in Sources */ = {isa = PBXBuildFile; fileRef = 4C59AC151C70389A00B62ACA /* ViewController.swift */; };
		4C59AC191C70389B00B62ACA /* Main.storyboard in Resources */ = {isa = PBXBuildFile; fileRef = 4C59AC171C70389B00B62ACA /* Main.storyboard */; };
		4C59AC1B1C70389B00B62ACA /* Assets.xcassets in Resources */ = {isa = PBXBuildFile; fileRef = 4C59AC1A1C70389B00B62ACA /* Assets.xcassets */; };
		4C59AC1E1C70389B00B62ACA /* LaunchScreen.storyboard in Resources */ = {isa = PBXBuildFile; fileRef = 4C59AC1C1C70389B00B62ACA /* LaunchScreen.storyboard */; };
		4C59AC291C70389B00B62ACA /* TodoTests.swift in Sources */ = {isa = PBXBuildFile; fileRef = 4C59AC281C70389B00B62ACA /* TodoTests.swift */; };
		4C59AC341C70389B00B62ACA /* TodoUITests.swift in Sources */ = {isa = PBXBuildFile; fileRef = 4C59AC331C70389B00B62ACA /* TodoUITests.swift */; };
		4C59AC421C705F6300B62ACA /* ToDoModel.swift in Sources */ = {isa = PBXBuildFile; fileRef = 4C59AC411C705F6300B62ACA /* ToDoModel.swift */; };
/* End PBXBuildFile section */

/* Begin PBXContainerItemProxy section */
		4C59AC251C70389B00B62ACA /* PBXContainerItemProxy */ = {
			isa = PBXContainerItemProxy;
			containerPortal = 4C59AC081C70389A00B62ACA /* Project object */;
			proxyType = 1;
			remoteGlobalIDString = 4C59AC0F1C70389A00B62ACA;
			remoteInfo = Todo;
		};
		4C59AC301C70389B00B62ACA /* PBXContainerItemProxy */ = {
			isa = PBXContainerItemProxy;
			containerPortal = 4C59AC081C70389A00B62ACA /* Project object */;
			proxyType = 1;
			remoteGlobalIDString = 4C59AC0F1C70389A00B62ACA;
			remoteInfo = Todo;
		};
/* End PBXContainerItemProxy section */

/* Begin PBXFileReference section */
		4C503F9E1C7174AC00443D0B /* ViewControllerExtension.swift */ = {isa = PBXFileReference; fileEncoding = 4; lastKnownFileType = sourcecode.swift; path = ViewControllerExtension.swift; sourceTree = "<group>"; };
		4C503FA01C72056500443D0B /* DetailViewController.swift */ = {isa = PBXFileReference; fileEncoding = 4; lastKnownFileType = sourcecode.swift; path = DetailViewController.swift; sourceTree = "<group>"; };
		4C59AC101C70389A00B62ACA /* Todo.app */ = {isa = PBXFileReference; explicitFileType = wrapper.application; includeInIndex = 0; path = Todo.app; sourceTree = BUILT_PRODUCTS_DIR; };
		4C59AC131C70389A00B62ACA /* AppDelegate.swift */ = {isa = PBXFileReference; lastKnownFileType = sourcecode.swift; path = AppDelegate.swift; sourceTree = "<group>"; };
		4C59AC151C70389A00B62ACA /* ViewController.swift */ = {isa = PBXFileReference; lastKnownFileType = sourcecode.swift; path = ViewController.swift; sourceTree = "<group>"; };
		4C59AC181C70389B00B62ACA /* Base */ = {isa = PBXFileReference; lastKnownFileType = file.storyboard; name = Base; path = Base.lproj/Main.storyboard; sourceTree = "<group>"; };
		4C59AC1A1C70389B00B62ACA /* Assets.xcassets */ = {isa = PBXFileReference; lastKnownFileType = folder.assetcatalog; path = Assets.xcassets; sourceTree = "<group>"; };
		4C59AC1D1C70389B00B62ACA /* Base */ = {isa = PBXFileReference; lastKnownFileType = file.storyboard; name = Base; path = Base.lproj/LaunchScreen.storyboard; sourceTree = "<group>"; };
		4C59AC1F1C70389B00B62ACA /* Info.plist */ = {isa = PBXFileReference; lastKnownFileType = text.plist.xml; path = Info.plist; sourceTree = "<group>"; };
		4C59AC241C70389B00B62ACA /* TodoTests.xctest */ = {isa = PBXFileReference; explicitFileType = wrapper.cfbundle; includeInIndex = 0; path = TodoTests.xctest; sourceTree = BUILT_PRODUCTS_DIR; };
		4C59AC281C70389B00B62ACA /* TodoTests.swift */ = {isa = PBXFileReference; lastKnownFileType = sourcecode.swift; path = TodoTests.swift; sourceTree = "<group>"; };
		4C59AC2A1C70389B00B62ACA /* Info.plist */ = {isa = PBXFileReference; lastKnownFileType = text.plist.xml; path = Info.plist; sourceTree = "<group>"; };
		4C59AC2F1C70389B00B62ACA /* TodoUITests.xctest */ = {isa = PBXFileReference; explicitFileType = wrapper.cfbundle; includeInIndex = 0; path = TodoUITests.xctest; sourceTree = BUILT_PRODUCTS_DIR; };
		4C59AC331C70389B00B62ACA /* TodoUITests.swift */ = {isa = PBXFileReference; lastKnownFileType = sourcecode.swift; path = TodoUITests.swift; sourceTree = "<group>"; };
		4C59AC351C70389B00B62ACA /* Info.plist */ = {isa = PBXFileReference; lastKnownFileType = text.plist.xml; path = Info.plist; sourceTree = "<group>"; };
		4C59AC411C705F6300B62ACA /* ToDoModel.swift */ = {isa = PBXFileReference; fileEncoding = 4; lastKnownFileType = sourcecode.swift; path = ToDoModel.swift; sourceTree = "<group>"; };
/* End PBXFileReference section */

/* Begin PBXFrameworksBuildPhase section */
		4C59AC0D1C70389A00B62ACA /* Frameworks */ = {
			isa = PBXFrameworksBuildPhase;
			buildActionMask = 2147483647;
			files = (
			);
			runOnlyForDeploymentPostprocessing = 0;
		};
		4C59AC211C70389B00B62ACA /* Frameworks */ = {
			isa = PBXFrameworksBuildPhase;
			buildActionMask = 2147483647;
			files = (
			);
			runOnlyForDeploymentPostprocessing = 0;
		};
		4C59AC2C1C70389B00B62ACA /* Frameworks */ = {
			isa = PBXFrameworksBuildPhase;
			buildActionMask = 2147483647;
			files = (
			);
			runOnlyForDeploymentPostprocessing = 0;
		};
/* End PBXFrameworksBuildPhase section */

/* Begin PBXGroup section */
		4C59AC071C70389A00B62ACA = {
			isa = PBXGroup;
			children = (
				4C59AC121C70389A00B62ACA /* Todo */,
				4C59AC271C70389B00B62ACA /* TodoTests */,
				4C59AC321C70389B00B62ACA /* TodoUITests */,
				4C59AC111C70389A00B62ACA /* Products */,
			);
			sourceTree = "<group>";
		};
		4C59AC111C70389A00B62ACA /* Products */ = {
			isa = PBXGroup;
			children = (
				4C59AC101C70389A00B62ACA /* Todo.app */,
				4C59AC241C70389B00B62ACA /* TodoTests.xctest */,
				4C59AC2F1C70389B00B62ACA /* TodoUITests.xctest */,
			);
			name = Products;
			sourceTree = "<group>";
		};
		4C59AC121C70389A00B62ACA /* Todo */ = {
			isa = PBXGroup;
			children = (
				4C59AC131C70389A00B62ACA /* AppDelegate.swift */,
				4C59AC411C705F6300B62ACA /* ToDoModel.swift */,
				4C59AC151C70389A00B62ACA /* ViewController.swift */,
				4C503F9E1C7174AC00443D0B /* ViewControllerExtension.swift */,
				4C503FA01C72056500443D0B /* DetailViewController.swift */,
				4C59AC171C70389B00B62ACA /* Main.storyboard */,
				4C59AC1A1C70389B00B62ACA /* Assets.xcassets */,
				4C59AC1C1C70389B00B62ACA /* LaunchScreen.storyboard */,
				4C59AC1F1C70389B00B62ACA /* Info.plist */,
			);
			path = Todo;
			sourceTree = "<group>";
		};
		4C59AC271C70389B00B62ACA /* TodoTests */ = {
			isa = PBXGroup;
			children = (
				4C59AC281C70389B00B62ACA /* TodoTests.swift */,
				4C59AC2A1C70389B00B62ACA /* Info.plist */,
			);
			path = TodoTests;
			sourceTree = "<group>";
		};
		4C59AC321C70389B00B62ACA /* TodoUITests */ = {
			isa = PBXGroup;
			children = (
				4C59AC331C70389B00B62ACA /* TodoUITests.swift */,
				4C59AC351C70389B00B62ACA /* Info.plist */,
			);
			path = TodoUITests;
			sourceTree = "<group>";
		};
/* End PBXGroup section */

/* Begin PBXNativeTarget section */
		4C59AC0F1C70389A00B62ACA /* Todo */ = {
			isa = PBXNativeTarget;
			buildConfigurationList = 4C59AC381C70389B00B62ACA /* Build configuration list for PBXNativeTarget "Todo" */;
			buildPhases = (
				4C59AC0C1C70389A00B62ACA /* Sources */,
				4C59AC0D1C70389A00B62ACA /* Frameworks */,
				4C59AC0E1C70389A00B62ACA /* Resources */,
			);
			buildRules = (
			);
			dependencies = (
			);
			name = Todo;
			productName = Todo;
			productReference = 4C59AC101C70389A00B62ACA /* Todo.app */;
			productType = "com.apple.product-type.application";
		};
		4C59AC231C70389B00B62ACA /* TodoTests */ = {
			isa = PBXNativeTarget;
			buildConfigurationList = 4C59AC3B1C70389B00B62ACA /* Build configuration list for PBXNativeTarget "TodoTests" */;
			buildPhases = (
				4C59AC201C70389B00B62ACA /* Sources */,
				4C59AC211C70389B00B62ACA /* Frameworks */,
				4C59AC221C70389B00B62ACA /* Resources */,
			);
			buildRules = (
			);
			dependencies = (
				4C59AC261C70389B00B62ACA /* PBXTargetDependency */,
			);
			name = TodoTests;
			productName = TodoTests;
			productReference = 4C59AC241C70389B00B62ACA /* TodoTests.xctest */;
			productType = "com.apple.product-type.bundle.unit-test";
		};
		4C59AC2E1C70389B00B62ACA /* TodoUITests */ = {
			isa = PBXNativeTarget;
			buildConfigurationList = 4C59AC3E1C70389B00B62ACA /* Build configuration list for PBXNativeTarget "TodoUITests" */;
			buildPhases = (
				4C59AC2B1C70389B00B62ACA /* Sources */,
				4C59AC2C1C70389B00B62ACA /* Frameworks */,
				4C59AC2D1C70389B00B62ACA /* Resources */,
			);
			buildRules = (
			);
			dependencies = (
				4C59AC311C70389B00B62ACA /* PBXTargetDependency */,
			);
			name = TodoUITests;
			productName = TodoUITests;
			productReference = 4C59AC2F1C70389B00B62ACA /* TodoUITests.xctest */;
			productType = "com.apple.product-type.bundle.ui-testing";
		};
/* End PBXNativeTarget section */

/* Begin PBXProject section */
		4C59AC081C70389A00B62ACA /* Project object */ = {
			isa = PBXProject;
			attributes = {
				LastSwiftUpdateCheck = 0720;
				LastUpgradeCheck = 0720;
				ORGANIZATIONNAME = zhaozhichao;
				TargetAttributes = {
					4C59AC0F1C70389A00B62ACA = {
						CreatedOnToolsVersion = 7.2.1;
						DevelopmentTeam = 772S85WF9U;
					};
					4C59AC231C70389B00B62ACA = {
						CreatedOnToolsVersion = 7.2.1;
						DevelopmentTeam = 772S85WF9U;
						TestTargetID = 4C59AC0F1C70389A00B62ACA;
					};
					4C59AC2E1C70389B00B62ACA = {
						CreatedOnToolsVersion = 7.2.1;
						DevelopmentTeam = 772S85WF9U;
						TestTargetID = 4C59AC0F1C70389A00B62ACA;
					};
				};
			};
			buildConfigurationList = 4C59AC0B1C70389A00B62ACA /* Build configuration list for PBXProject "Todo" */;
			compatibilityVersion = "Xcode 3.2";
			developmentRegion = English;
			hasScannedForEncodings = 0;
			knownRegions = (
				en,
				Base,
			);
			mainGroup = 4C59AC071C70389A00B62ACA;
			productRefGroup = 4C59AC111C70389A00B62ACA /* Products */;
			projectDirPath = "";
			projectRoot = "";
			targets = (
				4C59AC0F1C70389A00B62ACA /* Todo */,
				4C59AC231C70389B00B62ACA /* TodoTests */,
				4C59AC2E1C70389B00B62ACA /* TodoUITests */,
			);
		};
/* End PBXProject section */

/* Begin PBXResourcesBuildPhase section */
		4C59AC0E1C70389A00B62ACA /* Resources */ = {
			isa = PBXResourcesBuildPhase;
			buildActionMask = 2147483647;
			files = (
				4C59AC1E1C70389B00B62ACA /* LaunchScreen.storyboard in Resources */,
				4C59AC1B1C70389B00B62ACA /* Assets.xcassets in Resources */,
				4C59AC191C70389B00B62ACA /* Main.storyboard in Resources */,
			);
			runOnlyForDeploymentPostprocessing = 0;
		};
		4C59AC221C70389B00B62ACA /* Resources */ = {
			isa = PBXResourcesBuildPhase;
			buildActionMask = 2147483647;
			files = (
			);
			runOnlyForDeploymentPostprocessing = 0;
		};
		4C59AC2D1C70389B00B62ACA /* Resources */ = {
			isa = PBXResourcesBuildPhase;
			buildActionMask = 2147483647;
			files = (
			);
			runOnlyForDeploymentPostprocessing = 0;
		};
/* End PBXResourcesBuildPhase section */

/* Begin PBXSourcesBuildPhase section */
		4C59AC0C1C70389A00B62ACA /* Sources */ = {
			isa = PBXSourcesBuildPhase;
			buildActionMask = 2147483647;
			files = (
				4C503F9F1C7174AC00443D0B /* ViewControllerExtension.swift in Sources */,
				4C59AC161C70389A00B62ACA /* ViewController.swift in Sources */,
				4C503FA11C72056500443D0B /* DetailViewController.swift in Sources */,
				4C59AC141C70389A00B62ACA /* AppDelegate.swift in Sources */,
				4C59AC421C705F6300B62ACA /* ToDoModel.swift in Sources */,
			);
			runOnlyForDeploymentPostprocessing = 0;
		};
		4C59AC201C70389B00B62ACA /* Sources */ = {
			isa = PBXSourcesBuildPhase;
			buildActionMask = 2147483647;
			files = (
				4C59AC291C70389B00B62ACA /* TodoTests.swift in Sources */,
			);
			runOnlyForDeploymentPostprocessing = 0;
		};
		4C59AC2B1C70389B00B62ACA /* Sources */ = {
			isa = PBXSourcesBuildPhase;
			buildActionMask = 2147483647;
			files = (
				4C59AC341C70389B00B62ACA /* TodoUITests.swift in Sources */,
			);
			runOnlyForDeploymentPostprocessing = 0;
		};
/* End PBXSourcesBuildPhase section */

/* Begin PBXTargetDependency section */
		4C59AC261C70389B00B62ACA /* PBXTargetDependency */ = {
			isa = PBXTargetDependency;
			target = 4C59AC0F1C70389A00B62ACA /* Todo */;
			targetProxy = 4C59AC251C70389B00B62ACA /* PBXContainerItemProxy */;
		};
		4C59AC311C70389B00B62ACA /* PBXTargetDependency */ = {
			isa = PBXTargetDependency;
			target = 4C59AC0F1C70389A00B62ACA /* Todo */;
			targetProxy = 4C59AC301C70389B00B62ACA /* PBXContainerItemProxy */;
		};
/* End PBXTargetDependency section */

/* Begin PBXVariantGroup section */
		4C59AC171C70389B00B62ACA /* Main.storyboard */ = {
			isa = PBXVariantGroup;
			children = (
				4C59AC181C70389B00B62ACA /* Base */,
			);
			name = Main.storyboard;
			sourceTree = "<group>";
		};
		4C59AC1C1C70389B00B62ACA /* LaunchScreen.storyboard */ = {
			isa = PBXVariantGroup;
			children = (
				4C59AC1D1C70389B00B62ACA /* Base */,
			);
			name = LaunchScreen.storyboard;
			sourceTree = "<group>";
		};
/* End PBXVariantGroup section */

/* Begin XCBuildConfiguration section */
		4C59AC361C70389B00B62ACA /* Debug */ = {
			isa = XCBuildConfiguration;
			buildSettings = {
				ALWAYS_SEARCH_USER_PATHS = NO;
				CLANG_CXX_LANGUAGE_STANDARD = "gnu++0x";
				CLANG_CXX_LIBRARY = "libc++";
				CLANG_ENABLE_MODULES = YES;
				CLANG_ENABLE_OBJC_ARC = YES;
				CLANG_WARN_BOOL_CONVERSION = YES;
				CLANG_WARN_CONSTANT_CONVERSION = YES;
				CLANG_WARN_DIRECT_OBJC_ISA_USAGE = YES_ERROR;
				CLANG_WARN_EMPTY_BODY = YES;
				CLANG_WARN_ENUM_CONVERSION = YES;
				CLANG_WARN_INT_CONVERSION = YES;
				CLANG_WARN_OBJC_ROOT_CLASS = YES_ERROR;
				CLANG_WARN_UNREACHABLE_CODE = YES;
				CLANG_WARN__DUPLICATE_METHOD_MATCH = YES;
				"CODE_SIGN_IDENTITY[sdk=iphoneos*]" = "iPhone Developer";
				COPY_PHASE_STRIP = NO;
				DEBUG_INFORMATION_FORMAT = dwarf;
				ENABLE_STRICT_OBJC_MSGSEND = YES;
				ENABLE_TESTABILITY = YES;
				GCC_C_LANGUAGE_STANDARD = gnu99;
				GCC_DYNAMIC_NO_PIC = NO;
				GCC_NO_COMMON_BLOCKS = YES;
				GCC_OPTIMIZATION_LEVEL = 0;
				GCC_PREPROCESSOR_DEFINITIONS = (
					"DEBUG=1",
					"$(inherited)",
				);
				GCC_WARN_64_TO_32_BIT_CONVERSION = YES;
				GCC_WARN_ABOUT_RETURN_TYPE = YES_ERROR;
				GCC_WARN_UNDECLARED_SELECTOR = YES;
				GCC_WARN_UNINITIALIZED_AUTOS = YES_AGGRESSIVE;
				GCC_WARN_UNUSED_FUNCTION = YES;
				GCC_WARN_UNUSED_VARIABLE = YES;
				IPHONEOS_DEPLOYMENT_TARGET = 9.2;
				MTL_ENABLE_DEBUG_INFO = YES;
				ONLY_ACTIVE_ARCH = YES;
				SDKROOT = iphoneos;
				SWIFT_OPTIMIZATION_LEVEL = "-Onone";
			};
			name = Debug;
		};
		4C59AC371C70389B00B62ACA /* Release */ = {
			isa = XCBuildConfiguration;
			buildSettings = {
				ALWAYS_SEARCH_USER_PATHS = NO;
				CLANG_CXX_LANGUAGE_STANDARD = "gnu++0x";
				CLANG_CXX_LIBRARY = "libc++";
				CLANG_ENABLE_MODULES = YES;
				CLANG_ENABLE_OBJC_ARC = YES;
				CLANG_WARN_BOOL_CONVERSION = YES;
				CLANG_WARN_CONSTANT_CONVERSION = YES;
				CLANG_WARN_DIRECT_OBJC_ISA_USAGE = YES_ERROR;
				CLANG_WARN_EMPTY_BODY = YES;
				CLANG_WARN_ENUM_CONVERSION = YES;
				CLANG_WARN_INT_CONVERSION = YES;
				CLANG_WARN_OBJC_ROOT_CLASS = YES_ERROR;
				CLANG_WARN_UNREACHABLE_CODE = YES;
				CLANG_WARN__DUPLICATE_METHOD_MATCH = YES;
				"CODE_SIGN_IDENTITY[sdk=iphoneos*]" = "iPhone Developer";
				COPY_PHASE_STRIP = NO;
				DEBUG_INFORMATION_FORMAT = "dwarf-with-dsym";
				ENABLE_NS_ASSERTIONS = NO;
				ENABLE_STRICT_OBJC_MSGSEND = YES;
				GCC_C_LANGUAGE_STANDARD = gnu99;
				GCC_NO_COMMON_BLOCKS = YES;
				GCC_WARN_64_TO_32_BIT_CONVERSION = YES;
				GCC_WARN_ABOUT_RETURN_TYPE = YES_ERROR;
				GCC_WARN_UNDECLARED_SELECTOR = YES;
				GCC_WARN_UNINITIALIZED_AUTOS = YES_AGGRESSIVE;
				GCC_WARN_UNUSED_FUNCTION = YES;
				GCC_WARN_UNUSED_VARIABLE = YES;
				IPHONEOS_DEPLOYMENT_TARGET = 9.2;
				MTL_ENABLE_DEBUG_INFO = NO;
				SDKROOT = iphoneos;
				VALIDATE_PRODUCT = YES;
			};
			name = Release;
		};
		4C59AC391C70389B00B62ACA /* Debug */ = {
			isa = XCBuildConfiguration;
			buildSettings = {
				ASSETCATALOG_COMPILER_APPICON_NAME = AppIcon;
				INFOPLIST_FILE = Todo/Info.plist;
				LD_RUNPATH_SEARCH_PATHS = "$(inherited) @executable_path/Frameworks";
				PRODUCT_BUNDLE_IDENTIFIER = com.qust.zhaozhichao.Todo;
				PRODUCT_NAME = "$(TARGET_NAME)";
			};
			name = Debug;
		};
		4C59AC3A1C70389B00B62ACA /* Release */ = {
			isa = XCBuildConfiguration;
			buildSettings = {
				ASSETCATALOG_COMPILER_APPICON_NAME = AppIcon;
				INFOPLIST_FILE = Todo/Info.plist;
				LD_RUNPATH_SEARCH_PATHS = "$(inherited) @executable_path/Frameworks";
				PRODUCT_BUNDLE_IDENTIFIER = com.qust.zhaozhichao.Todo;
				PRODUCT_NAME = "$(TARGET_NAME)";
			};
			name = Release;
		};
		4C59AC3C1C70389B00B62ACA /* Debug */ = {
			isa = XCBuildConfiguration;
			buildSettings = {
				BUNDLE_LOADER = "$(TEST_HOST)";
				INFOPLIST_FILE = TodoTests/Info.plist;
				LD_RUNPATH_SEARCH_PATHS = "$(inherited) @executable_path/Frameworks @loader_path/Frameworks";
				PRODUCT_BUNDLE_IDENTIFIER = com.qust.zhaozhichao.TodoTests;
				PRODUCT_NAME = "$(TARGET_NAME)";
				TEST_HOST = "$(BUILT_PRODUCTS_DIR)/Todo.app/Todo";
			};
			name = Debug;
		};
		4C59AC3D1C70389B00B62ACA /* Release */ = {
			isa = XCBuildConfiguration;
			buildSettings = {
				BUNDLE_LOADER = "$(TEST_HOST)";
				INFOPLIST_FILE = TodoTests/Info.plist;
				LD_RUNPATH_SEARCH_PATHS = "$(inherited) @executable_path/Frameworks @loader_path/Frameworks";
				PRODUCT_BUNDLE_IDENTIFIER = com.qust.zhaozhichao.TodoTests;
				PRODUCT_NAME = "$(TARGET_NAME)";
				TEST_HOST = "$(BUILT_PRODUCTS_DIR)/Todo.app/Todo";
			};
			name = Release;
		};
		4C59AC3F1C70389B00B62ACA /* Debug */ = {
			isa = XCBuildConfiguration;
			buildSettings = {
				INFOPLIST_FILE = TodoUITests/Info.plist;
				LD_RUNPATH_SEARCH_PATHS = "$(inherited) @executable_path/Frameworks @loader_path/Frameworks";
				PRODUCT_BUNDLE_IDENTIFIER = com.qust.zhaozhichao.TodoUITests;
				PRODUCT_NAME = "$(TARGET_NAME)";
				TEST_TARGET_NAME = Todo;
				USES_XCTRUNNER = YES;
			};
			name = Debug;
		};
		4C59AC401C70389B00B62ACA /* Release */ = {
			isa = XCBuildConfiguration;
			buildSettings = {
				INFOPLIST_FILE = TodoUITests/Info.plist;
				LD_RUNPATH_SEARCH_PATHS = "$(inherited) @executable_path/Frameworks @loader_path/Frameworks";
				PRODUCT_BUNDLE_IDENTIFIER = com.qust.zhaozhichao.TodoUITests;
				PRODUCT_NAME = "$(TARGET_NAME)";
				TEST_TARGET_NAME = Todo;
				USES_XCTRUNNER = YES;
			};
			name = Release;
		};
/* End XCBuildConfiguration section */

/* Begin XCConfigurationList section */
		4C59AC0B1C70389A00B62ACA /* Build configuration list for PBXProject "Todo" */ = {
			isa = XCConfigurationList;
			buildConfigurations = (
				4C59AC361C70389B00B62ACA /* Debug */,
				4C59AC371C70389B00B62ACA /* Release */,
			);
			defaultConfigurationIsVisible = 0;
			defaultConfigurationName = Release;
		};
		4C59AC381C70389B00B62ACA /* Build configuration list for PBXNativeTarget "Todo" */ = {
			isa = XCConfigurationList;
			buildConfigurations = (
				4C59AC391C70389B00B62ACA /* Debug */,
				4C59AC3A1C70389B00B62ACA /* Release */,
			);
			defaultConfigurationIsVisible = 0;
			defaultConfigurationName = Release;
		};
		4C59AC3B1C70389B00B62ACA /* Build configuration list for PBXNativeTarget "TodoTests" */ = {
			isa = XCConfigurationList;
			buildConfigurations = (
				4C59AC3C1C70389B00B62ACA /* Debug */,
				4C59AC3D1C70389B00B62ACA /* Release */,
			);
			defaultConfigurationIsVisible = 0;
			defaultConfigurationName = Release;
		};
		4C59AC3E1C70389B00B62ACA /* Build configuration list for PBXNativeTarget "TodoUITests" */ = {
			isa = XCConfigurationList;
			buildConfigurations = (
				4C59AC3F1C70389B00B62ACA /* Debug */,
				4C59AC401C70389B00B62ACA /* Release */,
			);
			defaultConfigurationIsVisible = 0;
			defaultConfigurationName = Release;
		};
/* End XCConfigurationList section */
	};
	rootObject = 4C59AC081C70389A00B62ACA /* Project object */;
}
